
Microsoft Visual Studio Solution File, Format Version 12.00
# Visual Studio Version 17
VisualStudioVersion = 17.0.31903.59
MinimumVisualStudioVersion = 10.0.40219.1
Project("{2150E333-8FDC-42A3-9474-1A3956D46DE8}") = "src", "src", "{617CE415-55A3-480A-8E9C-CD482B035647}"
EndProject
Project("{FAE04EC0-301F-11D3-BF4B-00C04F79EFBC}") = "IoTSensorDashboard.Core", "src\IoTSensorDashboard.Core\IoTSensorDashboard.Core.csproj", "{4DA9F4D3-9F2F-4D1D-8C44-ADE4CF3BE911}"
EndProject
Project("{2150E333-8FDC-42A3-9474-1A3956D46DE8}") = "tests", "tests", "{BA92DFAF-8917-4202-8E4F-A5EC9859EF3B}"
EndProject
Project("{FAE04EC0-301F-11D3-BF4B-00C04F79EFBC}") = "IoTSensorDashboard.Tests", "tests\IoTSensorDashboard.Tests\IoTSensorDashboard.Tests.csproj", "{CDDB98F9-D096-4F6C-BC2C-6C81D861900A}"
EndProject
Project("{FAE04EC0-301F-11D3-BF4B-00C04F79EFBC}") = "IoTSensorDashboard.Sqlite", "src\IoTSensorDashboard.Sqlite\IoTSensorDashboard.Sqlite.csproj", "{844B0CA2-6EA6-4A6B-847C-C687183539E6}"
EndProject
Project("{FAE04EC0-301F-11D3-BF4B-00C04F79EFBC}") = "IoTSensorDashboard.Mqtt", "src\IoTSensorDashboard.Mqtt\IoTSensorDashboard.Mqtt.csproj", "{16B05EF3-C5E1-48C7-AFE0-553F3EA9CE22}"
EndProject
Project("{FAE04EC0-301F-11D3-BF4B-00C04F79EFBC}") = "IoTSensorDashboard.Ui.Common", "src\IoTSensorDashboard.Ui.Common\IoTSensorDashboard.Ui.Common.csproj", "{FF82AE52-CC2D-4DEB-98E9-4FC25F534C6E}"
EndProject
Project("{FAE04EC0-301F-11D3-BF4B-00C04F79EFBC}") = "IoTSensorDashboard.ControlRoom", "src\IoTSensorDashboard.ControlRoom\IoTSensorDashboard.ControlRoom.csproj", "{6752C4C4-B6AC-4BD6-9878-5E915B6A61CF}"
EndProject
Project("{FAE04EC0-301F-11D3-BF4B-00C04F79EFBC}") = "IoTSensorDashboard.SensorFarm", "src\IoTSensorDashboard.SensorFarm\IoTSensorDashboard.SensorFarm.csproj", "{9DEEF03B-D989-4894-A498-D64A5AD644C3}"
EndProject
Project("{FAE04EC0-301F-11D3-BF4B-00C04F79EFBC}") = "IoTSensorDashboard.Dashboard", "src\IoTSensorDashboard.Dashboard\IoTSensorDashboard.Dashboard.csproj", "{303B1FBF-7D2A-41E1-B576-CA09DAC8CF66}"
EndProject
Global
	GlobalSection(SolutionConfigurationPlatforms) = preSolution
		Debug|Any CPU = Debug|Any CPU
		Release|Any CPU = Release|Any CPU
	EndGlobalSection
	GlobalSection(SolutionProperties) = preSolution
		HideSolutionNode = FALSE
	EndGlobalSection
	GlobalSection(ProjectConfigurationPlatforms) = postSolution
		{4DA9F4D3-9F2F-4D1D-8C44-ADE4CF3BE911}.Debug|Any CPU.ActiveCfg = Debug|Any CPU
		{4DA9F4D3-9F2F-4D1D-8C44-ADE4CF3BE911}.Debug|Any CPU.Build.0 = Debug|Any CPU
		{4DA9F4D3-9F2F-4D1D-8C44-ADE4CF3BE911}.Release|Any CPU.ActiveCfg = Release|Any CPU
		{4DA9F4D3-9F2F-4D1D-8C44-ADE4CF3BE911}.Release|Any CPU.Build.0 = Release|Any CPU
		{CDDB98F9-D096-4F6C-BC2C-6C81D861900A}.Debug|Any CPU.ActiveCfg = Debug|Any CPU
		{CDDB98F9-D096-4F6C-BC2C-6C81D861900A}.Debug|Any CPU.Build.0 = Debug|Any CPU
		{CDDB98F9-D096-4F6C-BC2C-6C81D861900A}.Release|Any CPU.ActiveCfg = Release|Any CPU
		{CDDB98F9-D096-4F6C-BC2C-6C81D861900A}.Release|Any CPU.Build.0 = Release|Any CPU
		{844B0CA2-6EA6-4A6B-847C-C687183539E6}.Debug|Any CPU.ActiveCfg = Debug|Any CPU
		{844B0CA2-6EA6-4A6B-847C-C687183539E6}.Debug|Any CPU.Build.0 = Debug|Any CPU
		{844B0CA2-6EA6-4A6B-847C-C687183539E6}.Release|Any CPU.ActiveCfg = Release|Any CPU
		{844B0CA2-6EA6-4A6B-847C-C687183539E6}.Release|Any CPU.Build.0 = Release|Any CPU
		{16B05EF3-C5E1-48C7-AFE0-553F3EA9CE22}.Debug|Any CPU.ActiveCfg = Debug|Any CPU
		{16B05EF3-C5E1-48C7-AFE0-553F3EA9CE22}.Debug|Any CPU.Build.0 = Debug|Any CPU
		{16B05EF3-C5E1-48C7-AFE0-553F3EA9CE22}.Release|Any CPU.ActiveCfg = Release|Any CPU
		{16B05EF3-C5E1-48C7-AFE0-553F3EA9CE22}.Release|Any CPU.Build.0 = Release|Any CPU
		{FF82AE52-CC2D-4DEB-98E9-4FC25F534C6E}.Debug|Any CPU.ActiveCfg = Debug|Any CPU
		{FF82AE52-CC2D-4DEB-98E9-4FC25F534C6E}.Debug|Any CPU.Build.0 = Debug|Any CPU
		{FF82AE52-CC2D-4DEB-98E9-4FC25F534C6E}.Release|Any CPU.ActiveCfg = Release|Any CPU
		{FF82AE52-CC2D-4DEB-98E9-4FC25F534C6E}.Release|Any CPU.Build.0 = Release|Any CPU
		{6752C4C4-B6AC-4BD6-9878-5E915B6A61CF}.Debug|Any CPU.ActiveCfg = Debug|Any CPU
		{6752C4C4-B6AC-4BD6-9878-5E915B6A61CF}.Debug|Any CPU.Build.0 = Debug|Any CPU
		{6752C4C4-B6AC-4BD6-9878-5E915B6A61CF}.Release|Any CPU.ActiveCfg = Release|Any CPU
		{6752C4C4-B6AC-4BD6-9878-5E915B6A61CF}.Release|Any CPU.Build.0 = Release|Any CPU
		{9DEEF03B-D989-4894-A498-D64A5AD644C3}.Debug|Any CPU.ActiveCfg = Debug|Any CPU
		{9DEEF03B-D989-4894-A498-D64A5AD644C3}.Debug|Any CPU.Build.0 = Debug|Any CPU
		{9DEEF03B-D989-4894-A498-D64A5AD644C3}.Release|Any CPU.ActiveCfg = Release|Any CPU
		{9DEEF03B-D989-4894-A498-D64A5AD644C3}.Release|Any CPU.Build.0 = Release|Any CPU
		{303B1FBF-7D2A-41E1-B576-CA09DAC8CF66}.Debug|Any CPU.ActiveCfg = Debug|Any CPU
		{303B1FBF-7D2A-41E1-B576-CA09DAC8CF66}.Debug|Any CPU.Build.0 = Debug|Any CPU
		{303B1FBF-7D2A-41E1-B576-CA09DAC8CF66}.Release|Any CPU.ActiveCfg = Release|Any CPU
		{303B1FBF-7D2A-41E1-B576-CA09DAC8CF66}.Release|Any CPU.Build.0 = Release|Any CPU
	EndGlobalSection
	GlobalSection(NestedProjects) = preSolution
		{4DA9F4D3-9F2F-4D1D-8C44-ADE4CF3BE911} = {617CE415-55A3-480A-8E9C-CD482B035647}
		{CDDB98F9-D096-4F6C-BC2C-6C81D861900A} = {BA92DFAF-8917-4202-8E4F-A5EC9859EF3B}
		{844B0CA2-6EA6-4A6B-847C-C687183539E6} = {617CE415-55A3-480A-8E9C-CD482B035647}
		{16B05EF3-C5E1-48C7-AFE0-553F3EA9CE22} = {617CE415-55A3-480A-8E9C-CD482B035647}
		{FF82AE52-CC2D-4DEB-98E9-4FC25F534C6E} = {617CE415-55A3-480A-8E9C-CD482B035647}
		{6752C4C4-B6AC-4BD6-9878-5E915B6A61CF} = {617CE415-55A3-480A-8E9C-CD482B035647}
		{9DEEF03B-D989-4894-A498-D64A5AD644C3} = {617CE415-55A3-480A-8E9C-CD482B035647}
		{303B1FBF-7D2A-41E1-B576-CA09DAC8CF66} = {617CE415-55A3-480A-8E9C-CD482B035647}
	EndGlobalSection
EndGlobal
